
Microsoft Visual Studio Solution File, Format Version 12.00
# Visual Studio Version 17
VisualStudioVersion = 17.3.32819.101
MinimumVisualStudioVersion = 10.0.40219.1
Project("{888888A0-9F3D-457C-B088-3A5042F75D52}") = "repetitionsuppgifter uppgift 10", "repetitionsuppgifter uppgift 10\repetitionsuppgifter uppgift 10.pyproj", "{AFA66FF5-C6B3-4A9F-8013-D9C7026A4E32}"
EndProject
Global
	GlobalSection(SolutionConfigurationPlatforms) = preSolution
		Debug|Any CPU = Debug|Any CPU
		Release|Any CPU = Release|Any CPU
	EndGlobalSection
	GlobalSection(ProjectConfigurationPlatforms) = postSolution
		{AFA66FF5-C6B3-4A9F-8013-D9C7026A4E32}.Debug|Any CPU.ActiveCfg = Debug|Any CPU
		{AFA66FF5-C6B3-4A9F-8013-D9C7026A4E32}.Release|Any CPU.ActiveCfg = Release|Any CPU
	EndGlobalSection
	GlobalSection(SolutionProperties) = preSolution
		HideSolutionNode = FALSE
	EndGlobalSection
	GlobalSection(ExtensibilityGlobals) = postSolution
		SolutionGuid = {75D7A2C0-126B-4C64-8B15-ABB91AC0EAD3}
	EndGlobalSection
EndGlobal
